
Microsoft Visual Studio Solution File, Format Version 12.00
# Visual Studio Version 17
VisualStudioVersion = 17.13.35931.197 d17.13
MinimumVisualStudioVersion = 10.0.40219.1
Project("{2150E333-8FDC-42A3-9474-1A3956D46DE8}") = "src", "src", "{02EA681E-C7D8-13C7-8484-4AC65E1B71E8}"
EndProject
Project("{2150E333-8FDC-42A3-9474-1A3956D46DE8}") = "test", "test", "{361EB6C4-2C21-4F67-AF2B-14E84A456B68}"
EndProject
Project("{FAE04EC0-301F-11D3-BF4B-00C04F79EFBC}") = "Users.Api", "Users\Users.Api.csproj", "{3F3DA712-203B-43A1-B361-F361D8B98B32}"
EndProject
Project("{FAE04EC0-301F-11D3-BF4B-00C04F79EFBC}") = "Users.Api.Testing.Unit", "Users.Api.Testing.Unit\Users.Api.Testing.Unit.csproj", "{9F89F4E3-AFCE-4E8F-A70A-25627AA54E93}"
EndProject
Global
	GlobalSection(SolutionConfigurationPlatforms) = preSolution
		Debug|Any CPU = Debug|Any CPU
		Release|Any CPU = Release|Any CPU
	EndGlobalSection
	GlobalSection(ProjectConfigurationPlatforms) = postSolution
		{3F3DA712-203B-43A1-B361-F361D8B98B32}.Debug|Any CPU.ActiveCfg = Debug|Any CPU
		{3F3DA712-203B-43A1-B361-F361D8B98B32}.Debug|Any CPU.Build.0 = Debug|Any CPU
		{3F3DA712-203B-43A1-B361-F361D8B98B32}.Release|Any CPU.ActiveCfg = Release|Any CPU
		{3F3DA712-203B-43A1-B361-F361D8B98B32}.Release|Any CPU.Build.0 = Release|Any CPU
		{9F89F4E3-AFCE-4E8F-A70A-25627AA54E93}.Debug|Any CPU.ActiveCfg = Debug|Any CPU
		{9F89F4E3-AFCE-4E8F-A70A-25627AA54E93}.Debug|Any CPU.Build.0 = Debug|Any CPU
		{9F89F4E3-AFCE-4E8F-A70A-25627AA54E93}.Release|Any CPU.ActiveCfg = Release|Any CPU
		{9F89F4E3-AFCE-4E8F-A70A-25627AA54E93}.Release|Any CPU.Build.0 = Release|Any CPU
	EndGlobalSection
	GlobalSection(SolutionProperties) = preSolution
		HideSolutionNode = FALSE
	EndGlobalSection
	GlobalSection(NestedProjects) = preSolution
		{3F3DA712-203B-43A1-B361-F361D8B98B32} = {02EA681E-C7D8-13C7-8484-4AC65E1B71E8}
		{9F89F4E3-AFCE-4E8F-A70A-25627AA54E93} = {361EB6C4-2C21-4F67-AF2B-14E84A456B68}
	EndGlobalSection
	GlobalSection(ExtensibilityGlobals) = postSolution
		SolutionGuid = {E5FB8B08-E5EB-4237-A5AE-5CCA9A809758}
	EndGlobalSection
EndGlobal
